// !$*UTF8*$!
{
	archiveVersion = 1;
	classes = {
	};
	objectVersion = 46;
	objects = {

/* Begin PBXBuildFile section */
		3D8DD4461CE2C06D004EE068 /* AppDelegate.swift in Sources */ = {isa = PBXBuildFile; fileRef = 3D8DD4451CE2C06D004EE068 /* AppDelegate.swift */; };
		3D8DD4481CE2C06D004EE068 /* ViewController.swift in Sources */ = {isa = PBXBuildFile; fileRef = 3D8DD4471CE2C06D004EE068 /* ViewController.swift */; };
		3D8DD44A1CE2C06D004EE068 /* Assets.xcassets in Resources */ = {isa = PBXBuildFile; fileRef = 3D8DD4491CE2C06D004EE068 /* Assets.xcassets */; };
		3D8DD44D1CE2C06D004EE068 /* Main.storyboard in Resources */ = {isa = PBXBuildFile; fileRef = 3D8DD44B1CE2C06D004EE068 /* Main.storyboard */; };
/* End PBXBuildFile section */

/* Begin PBXFileReference section */
		3D8DD4421CE2C06D004EE068 /* ParseHTML.app */ = {isa = PBXFileReference; explicitFileType = wrapper.application; includeInIndex = 0; path = ParseHTML.app; sourceTree = BUILT_PRODUCTS_DIR; };
		3D8DD4451CE2C06D004EE068 /* AppDelegate.swift */ = {isa = PBXFileReference; lastKnownFileType = sourcecode.swift; path = AppDelegate.swift; sourceTree = "<group>"; };
		3D8DD4471CE2C06D004EE068 /* ViewController.swift */ = {isa = PBXFileReference; lastKnownFileType = sourcecode.swift; path = ViewController.swift; sourceTree = "<group>"; };
		3D8DD4491CE2C06D004EE068 /* Assets.xcassets */ = {isa = PBXFileReference; lastKnownFileType = folder.assetcatalog; path = Assets.xcassets; sourceTree = "<group>"; };
		3D8DD44C1CE2C06D004EE068 /* Base */ = {isa = PBXFileReference; lastKnownFileType = file.storyboard; name = Base; path = Base.lproj/Main.storyboard; sourceTree = "<group>"; };
		3D8DD44E1CE2C06D004EE068 /* Info.plist */ = {isa = PBXFileReference; lastKnownFileType = text.plist.xml; path = Info.plist; sourceTree = "<group>"; };
/* End PBXFileReference section */

/* Begin PBXFrameworksBuildPhase section */
		3D8DD43F1CE2C06D004EE068 /* Frameworks */ = {
			isa = PBXFrameworksBuildPhase;
			buildActionMask = 2147483647;
			files = (
			);
			runOnlyForDeploymentPostprocessing = 0;
		};
/* End PBXFrameworksBuildPhase section */

/* Begin PBXGroup section */
		3D8DD4391CE2C06D004EE068 = {
			isa = PBXGroup;
			children = (
				3D8DD4441CE2C06D004EE068 /* ParseHTML */,
				3D8DD4431CE2C06D004EE068 /* Products */,
			);
			sourceTree = "<group>";
		};
		3D8DD4431CE2C06D004EE068 /* Products */ = {
			isa = PBXGroup;
			children = (
				3D8DD4421CE2C06D004EE068 /* ParseHTML.app */,
			);
			name = Products;
			sourceTree = "<group>";
		};
		3D8DD4441CE2C06D004EE068 /* ParseHTML */ = {
			isa = PBXGroup;
			children = (
				3D8DD4451CE2C06D004EE068 /* AppDelegate.swift */,
				3D8DD4471CE2C06D004EE068 /* ViewController.swift */,
				3D8DD4491CE2C06D004EE068 /* Assets.xcassets */,
				3D8DD44B1CE2C06D004EE068 /* Main.storyboard */,
				3D8DD44E1CE2C06D004EE068 /* Info.plist */,
			);
			path = ParseHTML;
			sourceTree = "<group>";
		};
/* End PBXGroup section */

/* Begin PBXNativeTarget section */
		3D8DD4411CE2C06D004EE068 /* ParseHTML */ = {
			isa = PBXNativeTarget;
			buildConfigurationList = 3D8DD4511CE2C06D004EE068 /* Build configuration list for PBXNativeTarget "ParseHTML" */;
			buildPhases = (
				3D8DD43E1CE2C06D004EE068 /* Sources */,
				3D8DD43F1CE2C06D004EE068 /* Frameworks */,
				3D8DD4401CE2C06D004EE068 /* Resources */,
			);
			buildRules = (
			);
			dependencies = (
			);
			name = ParseHTML;
			productName = ParseHTML;
			productReference = 3D8DD4421CE2C06D004EE068 /* ParseHTML.app */;
			productType = "com.apple.product-type.application";
		};
/* End PBXNativeTarget section */

/* Begin PBXProject section */
		3D8DD43A1CE2C06D004EE068 /* Project object */ = {
			isa = PBXProject;
			attributes = {
				LastSwiftUpdateCheck = 0720;
				LastUpgradeCheck = 0720;
				ORGANIZATIONNAME = "Le Tan Thang";
				TargetAttributes = {
					3D8DD4411CE2C06D004EE068 = {
						CreatedOnToolsVersion = 7.2.1;
					};
				};
			};
			buildConfigurationList = 3D8DD43D1CE2C06D004EE068 /* Build configuration list for PBXProject "ParseHTML" */;
			compatibilityVersion = "Xcode 3.2";
			developmentRegion = English;
			hasScannedForEncodings = 0;
			knownRegions = (
				en,
				Base,
			);
			mainGroup = 3D8DD4391CE2C06D004EE068;
			productRefGroup = 3D8DD4431CE2C06D004EE068 /* Products */;
			projectDirPath = "";
			projectRoot = "";
			targets = (
				3D8DD4411CE2C06D004EE068 /* ParseHTML */,
			);
		};
/* End PBXProject section */

/* Begin PBXResourcesBuildPhase section */
		3D8DD4401CE2C06D004EE068 /* Resources */ = {
			isa = PBXResourcesBuildPhase;
			buildActionMask = 2147483647;
			files = (
				3D8DD44A1CE2C06D004EE068 /* Assets.xcassets in Resources */,
				3D8DD44D1CE2C06D004EE068 /* Main.storyboard in Resources */,
			);
			runOnlyForDeploymentPostprocessing = 0;
		};
/* End PBXResourcesBuildPhase section */

/* Begin PBXSourcesBuildPhase section */
		3D8DD43E1CE2C06D004EE068 /* Sources */ = {
			isa = PBXSourcesBuildPhase;
			buildActionMask = 2147483647;
			files = (
				3D8DD4481CE2C06D004EE068 /* ViewController.swift in Sources */,
				3D8DD4461CE2C06D004EE068 /* AppDelegate.swift in Sources */,
			);
			runOnlyForDeploymentPostprocessing = 0;
		};
/* End PBXSourcesBuildPhase section */

/* Begin PBXVariantGroup section */
		3D8DD44B1CE2C06D004EE068 /* Main.storyboard */ = {
			isa = PBXVariantGroup;
			children = (
				3D8DD44C1CE2C06D004EE068 /* Base */,
			);
			name = Main.storyboard;
			sourceTree = "<group>";
		};
/* End PBXVariantGroup section */

/* Begin XCBuildConfiguration section */
		3D8DD44F1CE2C06D004EE068 /* Debug */ = {
			isa = XCBuildConfiguration;
			buildSettings = {
				ALWAYS_SEARCH_USER_PATHS = NO;
				CLANG_CXX_LANGUAGE_STANDARD = "gnu++0x";
				CLANG_CXX_LIBRARY = "libc++";
				CLANG_ENABLE_MODULES = YES;
				CLANG_ENABLE_OBJC_ARC = YES;
				CLANG_WARN_BOOL_CONVERSION = YES;
				CLANG_WARN_CONSTANT_CONVERSION = YES;
				CLANG_WARN_DIRECT_OBJC_ISA_USAGE = YES_ERROR;
				CLANG_WARN_EMPTY_BODY = YES;
				CLANG_WARN_ENUM_CONVERSION = YES;
				CLANG_WARN_INT_CONVERSION = YES;
				CLANG_WARN_OBJC_ROOT_CLASS = YES_ERROR;
				CLANG_WARN_UNREACHABLE_CODE = YES;
				CLANG_WARN__DUPLICATE_METHOD_MATCH = YES;
				CODE_SIGN_IDENTITY = "-";
				COPY_PHASE_STRIP = NO;
				DEBUG_INFORMATION_FORMAT = dwarf;
				ENABLE_STRICT_OBJC_MSGSEND = YES;
				ENABLE_TESTABILITY = YES;
				GCC_C_LANGUAGE_STANDARD = gnu99;
				GCC_DYNAMIC_NO_PIC = NO;
				GCC_NO_COMMON_BLOCKS = YES;
				GCC_OPTIMIZATION_LEVEL = 0;
				GCC_PREPROCESSOR_DEFINITIONS = (
					"DEBUG=1",
					"$(inherited)",
				);
				GCC_WARN_64_TO_32_BIT_CONVERSION = YES;
				GCC_WARN_ABOUT_RETURN_TYPE = YES_ERROR;
				GCC_WARN_UNDECLARED_SELECTOR = YES;
				GCC_WARN_UNINITIALIZED_AUTOS = YES_AGGRESSIVE;
				GCC_WARN_UNUSED_FUNCTION = YES;
				GCC_WARN_UNUSED_VARIABLE = YES;
				MACOSX_DEPLOYMENT_TARGET = 10.10;
				MTL_ENABLE_DEBUG_INFO = YES;
				ONLY_ACTIVE_ARCH = YES;
				SDKROOT = macosx;
				SWIFT_OPTIMIZATION_LEVEL = "-Onone";
			};
			name = Debug;
		};
		3D8DD4501CE2C06D004EE068 /* Release */ = {
			isa = XCBuildConfiguration;
			buildSettings = {
				ALWAYS_SEARCH_USER_PATHS = NO;
				CLANG_CXX_LANGUAGE_STANDARD = "gnu++0x";
				CLANG_CXX_LIBRARY = "libc++";
				CLANG_ENABLE_MODULES = YES;
				CLANG_ENABLE_OBJC_ARC = YES;
				CLANG_WARN_BOOL_CONVERSION = YES;
				CLANG_WARN_CONSTANT_CONVERSION = YES;
				CLANG_WARN_DIRECT_OBJC_ISA_USAGE = YES_ERROR;
				CLANG_WARN_EMPTY_BODY = YES;
				CLANG_WARN_ENUM_CONVERSION = YES;
				CLANG_WARN_INT_CONVERSION = YES;
				CLANG_WARN_OBJC_ROOT_CLASS = YES_ERROR;
				CLANG_WARN_UNREACHABLE_CODE = YES;
				CLANG_WARN__DUPLICATE_METHOD_MATCH = YES;
				CODE_SIGN_IDENTITY = "-";
				COPY_PHASE_STRIP = NO;
				DEBUG_INFORMATION_FORMAT = "dwarf-with-dsym";
				ENABLE_NS_ASSERTIONS = NO;
				ENABLE_STRICT_OBJC_MSGSEND = YES;
				GCC_C_LANGUAGE_STANDARD = gnu99;
				GCC_NO_COMMON_BLOCKS = YES;
				GCC_WARN_64_TO_32_BIT_CONVERSION = YES;
				GCC_WARN_ABOUT_RETURN_TYPE = YES_ERROR;
				GCC_WARN_UNDECLARED_SELECTOR = YES;
				GCC_WARN_UNINITIALIZED_AUTOS = YES_AGGRESSIVE;
				GCC_WARN_UNUSED_FUNCTION = YES;
				GCC_WARN_UNUSED_VARIABLE = YES;
				MACOSX_DEPLOYMENT_TARGET = 10.10;
				MTL_ENABLE_DEBUG_INFO = NO;
				SDKROOT = macosx;
			};
			name = Release;
		};
		3D8DD4521CE2C06D004EE068 /* Debug */ = {
			isa = XCBuildConfiguration;
			buildSettings = {
				ASSETCATALOG_COMPILER_APPICON_NAME = AppIcon;
				COMBINE_HIDPI_IMAGES = YES;
				INFOPLIST_FILE = ParseHTML/Info.plist;
				LD_RUNPATH_SEARCH_PATHS = "$(inherited) @executable_path/../Frameworks";
				PRODUCT_BUNDLE_IDENTIFIER = com.thangcompany.ParseHTML;
				PRODUCT_NAME = "$(TARGET_NAME)";
			};
			name = Debug;
		};
		3D8DD4531CE2C06D004EE068 /* Release */ = {
			isa = XCBuildConfiguration;
			buildSettings = {
				ASSETCATALOG_COMPILER_APPICON_NAME = AppIcon;
				COMBINE_HIDPI_IMAGES = YES;
				INFOPLIST_FILE = ParseHTML/Info.plist;
				LD_RUNPATH_SEARCH_PATHS = "$(inherited) @executable_path/../Frameworks";
				PRODUCT_BUNDLE_IDENTIFIER = com.thangcompany.ParseHTML;
				PRODUCT_NAME = "$(TARGET_NAME)";
			};
			name = Release;
		};
/* End XCBuildConfiguration section */

/* Begin XCConfigurationList section */
		3D8DD43D1CE2C06D004EE068 /* Build configuration list for PBXProject "ParseHTML" */ = {
			isa = XCConfigurationList;
			buildConfigurations = (
				3D8DD44F1CE2C06D004EE068 /* Debug */,
				3D8DD4501CE2C06D004EE068 /* Release */,
			);
			defaultConfigurationIsVisible = 0;
			defaultConfigurationName = Release;
		};
		3D8DD4511CE2C06D004EE068 /* Build configuration list for PBXNativeTarget "ParseHTML" */ = {
			isa = XCConfigurationList;
			buildConfigurations = (
				3D8DD4521CE2C06D004EE068 /* Debug */,
				3D8DD4531CE2C06D004EE068 /* Release */,
			);
			defaultConfigurationIsVisible = 0;
		};
/* End XCConfigurationList section */
	};
	rootObject = 3D8DD43A1CE2C06D004EE068 /* Project object */;
}
